
Microsoft Visual Studio Solution File, Format Version 12.00
# Visual Studio 15
VisualStudioVersion = 15.0.28010.2026
MinimumVisualStudioVersion = 10.0.40219.1
Project("{FAE04EC0-301F-11D3-BF4B-00C04F79EFBC}") = "car-startup-prototype", "car-startup-prototype\car-startup-prototype.csproj", "{00E13073-27E2-4B79-A000-5CE1EF4B83B3}"
EndProject
Project("{00D1A9C2-B5F0-4AF3-8072-F6C62B433612}") = "car-startup-prototype-db", "car-startup-prototype-db\car-startup-prototype-db.sqlproj", "{02A69588-8CBD-4B27-86BD-86EF1CA81E24}"
EndProject
Global
	GlobalSection(SolutionConfigurationPlatforms) = preSolution
		Debug|Any CPU = Debug|Any CPU
		Release|Any CPU = Release|Any CPU
	EndGlobalSection
	GlobalSection(ProjectConfigurationPlatforms) = postSolution
		{00E13073-27E2-4B79-A000-5CE1EF4B83B3}.Debug|Any CPU.ActiveCfg = Debug|Any CPU
		{00E13073-27E2-4B79-A000-5CE1EF4B83B3}.Debug|Any CPU.Build.0 = Debug|Any CPU
		{00E13073-27E2-4B79-A000-5CE1EF4B83B3}.Release|Any CPU.ActiveCfg = Release|Any CPU
		{00E13073-27E2-4B79-A000-5CE1EF4B83B3}.Release|Any CPU.Build.0 = Release|Any CPU
		{02A69588-8CBD-4B27-86BD-86EF1CA81E24}.Debug|Any CPU.ActiveCfg = Debug|Any CPU
		{02A69588-8CBD-4B27-86BD-86EF1CA81E24}.Debug|Any CPU.Build.0 = Debug|Any CPU
		{02A69588-8CBD-4B27-86BD-86EF1CA81E24}.Debug|Any CPU.Deploy.0 = Debug|Any CPU
		{02A69588-8CBD-4B27-86BD-86EF1CA81E24}.Release|Any CPU.ActiveCfg = Release|Any CPU
		{02A69588-8CBD-4B27-86BD-86EF1CA81E24}.Release|Any CPU.Build.0 = Release|Any CPU
		{02A69588-8CBD-4B27-86BD-86EF1CA81E24}.Release|Any CPU.Deploy.0 = Release|Any CPU
	EndGlobalSection
	GlobalSection(SolutionProperties) = preSolution
		HideSolutionNode = FALSE
	EndGlobalSection
	GlobalSection(ExtensibilityGlobals) = postSolution
		SolutionGuid = {C0D40995-7B34-4836-ACED-B25871EC213F}
	EndGlobalSection
EndGlobal
